hash: 894e30a0698a74e87e13bc9410cae7890021163432e69b420ce7e16bcd057450
updated: 2017-11-27T11:10:32.944865468+01:00
imports:
- name: github.com/docopt/docopt-go
  version: 784ddc588536785e7299f7272f39101f7faccc3f
- name: github.com/patrickmn/go-cache
  version: a3647f8e31d79543b2d0f0ae2fe5c379d72cedc0
- name: github.com/tidwall/gjson
  version: 5a69e67cfd8f6f9b0044ed49f5079d0eeed28653
- name: github.com/tidwall/match
  version: 173748da739a410c5b0b813b956f89ff94730b4c
testImports: []
